// !$*UTF8*$!
{
	archiveVersion = 1;
	classes = {
	};
	objectVersion = 48;
	objects = {

/* Begin PBXBuildFile section */
		96A0398B20561A6D00C31E1A /* AppDelegate.m in Sources */ = {isa = PBXBuildFile; fileRef = 96A0398A20561A6D00C31E1A /* AppDelegate.m */; };
		96A0398E20561A6D00C31E1A /* ViewController.m in Sources */ = {isa = PBXBuildFile; fileRef = 96A0398D20561A6D00C31E1A /* ViewController.m */; };
		96A0399120561A6D00C31E1A /* Main.storyboard in Resources */ = {isa = PBXBuildFile; fileRef = 96A0398F20561A6D00C31E1A /* Main.storyboard */; };
		96A0399320561A6D00C31E1A /* Assets.xcassets in Resources */ = {isa = PBXBuildFile; fileRef = 96A0399220561A6D00C31E1A /* Assets.xcassets */; };
		96A0399620561A6D00C31E1A /* LaunchScreen.storyboard in Resources */ = {isa = PBXBuildFile; fileRef = 96A0399420561A6D00C31E1A /* LaunchScreen.storyboard */; };
		96A0399920561A6D00C31E1A /* main.m in Sources */ = {isa = PBXBuildFile; fileRef = 96A0399820561A6D00C31E1A /* main.m */; };
		96A039A120561CEA00C31E1A /* Student.m in Sources */ = {isa = PBXBuildFile; fileRef = 96A039A020561CEA00C31E1A /* Student.m */; };
/* End PBXBuildFile section */

/* Begin PBXFileReference section */
		96A0398620561A6D00C31E1A /* DataPersistenceDemo.app */ = {isa = PBXFileReference; explicitFileType = wrapper.application; includeInIndex = 0; path = DataPersistenceDemo.app; sourceTree = BUILT_PRODUCTS_DIR; };
		96A0398920561A6D00C31E1A /* AppDelegate.h */ = {isa = PBXFileReference; lastKnownFileType = sourcecode.c.h; path = AppDelegate.h; sourceTree = "<group>"; };
		96A0398A20561A6D00C31E1A /* AppDelegate.m */ = {isa = PBXFileReference; lastKnownFileType = sourcecode.c.objc; path = AppDelegate.m; sourceTree = "<group>"; };
		96A0398C20561A6D00C31E1A /* ViewController.h */ = {isa = PBXFileReference; lastKnownFileType = sourcecode.c.h; path = ViewController.h; sourceTree = "<group>"; };
		96A0398D20561A6D00C31E1A /* ViewController.m */ = {isa = PBXFileReference; lastKnownFileType = sourcecode.c.objc; path = ViewController.m; sourceTree = "<group>"; };
		96A0399020561A6D00C31E1A /* Base */ = {isa = PBXFileReference; lastKnownFileType = file.storyboard; name = Base; path = Base.lproj/Main.storyboard; sourceTree = "<group>"; };
		96A0399220561A6D00C31E1A /* Assets.xcassets */ = {isa = PBXFileReference; lastKnownFileType = folder.assetcatalog; path = Assets.xcassets; sourceTree = "<group>"; };
		96A0399520561A6D00C31E1A /* Base */ = {isa = PBXFileReference; lastKnownFileType = file.storyboard; name = Base; path = Base.lproj/LaunchScreen.storyboard; sourceTree = "<group>"; };
		96A0399720561A6D00C31E1A /* Info.plist */ = {isa = PBXFileReference; lastKnownFileType = text.plist.xml; path = Info.plist; sourceTree = "<group>"; };
		96A0399820561A6D00C31E1A /* main.m */ = {isa = PBXFileReference; lastKnownFileType = sourcecode.c.objc; path = main.m; sourceTree = "<group>"; };
		96A0399F20561CEA00C31E1A /* Student.h */ = {isa = PBXFileReference; lastKnownFileType = sourcecode.c.h; path = Student.h; sourceTree = "<group>"; };
		96A039A020561CEA00C31E1A /* Student.m */ = {isa = PBXFileReference; lastKnownFileType = sourcecode.c.objc; path = Student.m; sourceTree = "<group>"; };
/* End PBXFileReference section */

/* Begin PBXFrameworksBuildPhase section */
		96A0398320561A6D00C31E1A /* Frameworks */ = {
			isa = PBXFrameworksBuildPhase;
			buildActionMask = 2147483647;
			files = (
			);
			runOnlyForDeploymentPostprocessing = 0;
		};
/* End PBXFrameworksBuildPhase section */

/* Begin PBXGroup section */
		96A0397D20561A6D00C31E1A = {
			isa = PBXGroup;
			children = (
				96A0398820561A6D00C31E1A /* DataPersistenceDemo */,
				96A0398720561A6D00C31E1A /* Products */,
			);
			sourceTree = "<group>";
		};
		96A0398720561A6D00C31E1A /* Products */ = {
			isa = PBXGroup;
			children = (
				96A0398620561A6D00C31E1A /* DataPersistenceDemo.app */,
			);
			name = Products;
			sourceTree = "<group>";
		};
		96A0398820561A6D00C31E1A /* DataPersistenceDemo */ = {
			isa = PBXGroup;
			children = (
				96A0398920561A6D00C31E1A /* AppDelegate.h */,
				96A0398A20561A6D00C31E1A /* AppDelegate.m */,
				96A0398C20561A6D00C31E1A /* ViewController.h */,
				96A0398D20561A6D00C31E1A /* ViewController.m */,
				96A0398F20561A6D00C31E1A /* Main.storyboard */,
				96A0399220561A6D00C31E1A /* Assets.xcassets */,
				96A0399420561A6D00C31E1A /* LaunchScreen.storyboard */,
				96A0399720561A6D00C31E1A /* Info.plist */,
				96A0399820561A6D00C31E1A /* main.m */,
				96A0399F20561CEA00C31E1A /* Student.h */,
				96A039A020561CEA00C31E1A /* Student.m */,
			);
			path = DataPersistenceDemo;
			sourceTree = "<group>";
		};
/* End PBXGroup section */

/* Begin PBXNativeTarget section */
		96A0398520561A6D00C31E1A /* DataPersistenceDemo */ = {
			isa = PBXNativeTarget;
			buildConfigurationList = 96A0399C20561A6D00C31E1A /* Build configuration list for PBXNativeTarget "DataPersistenceDemo" */;
			buildPhases = (
				96A0398220561A6D00C31E1A /* Sources */,
				96A0398320561A6D00C31E1A /* Frameworks */,
				96A0398420561A6D00C31E1A /* Resources */,
			);
			buildRules = (
			);
			dependencies = (
			);
			name = DataPersistenceDemo;
			productName = DataPersistenceDemo;
			productReference = 96A0398620561A6D00C31E1A /* DataPersistenceDemo.app */;
			productType = "com.apple.product-type.application";
		};
/* End PBXNativeTarget section */

/* Begin PBXProject section */
		96A0397E20561A6D00C31E1A /* Project object */ = {
			isa = PBXProject;
			attributes = {
				LastUpgradeCheck = 0920;
				ORGANIZATIONNAME = Jason;
				TargetAttributes = {
					96A0398520561A6D00C31E1A = {
						CreatedOnToolsVersion = 9.2;
						ProvisioningStyle = Automatic;
					};
				};
			};
			buildConfigurationList = 96A0398120561A6D00C31E1A /* Build configuration list for PBXProject "DataPersistenceDemo" */;
			compatibilityVersion = "Xcode 8.0";
			developmentRegion = en;
			hasScannedForEncodings = 0;
			knownRegions = (
				en,
				Base,
			);
			mainGroup = 96A0397D20561A6D00C31E1A;
			productRefGroup = 96A0398720561A6D00C31E1A /* Products */;
			projectDirPath = "";
			projectRoot = "";
			targets = (
				96A0398520561A6D00C31E1A /* DataPersistenceDemo */,
			);
		};
/* End PBXProject section */

/* Begin PBXResourcesBuildPhase section */
		96A0398420561A6D00C31E1A /* Resources */ = {
			isa = PBXResourcesBuildPhase;
			buildActionMask = 2147483647;
			files = (
				96A0399620561A6D00C31E1A /* LaunchScreen.storyboard in Resources */,
				96A0399320561A6D00C31E1A /* Assets.xcassets in Resources */,
				96A0399120561A6D00C31E1A /* Main.storyboard in Resources */,
			);
			runOnlyForDeploymentPostprocessing = 0;
		};
/* End PBXResourcesBuildPhase section */

/* Begin PBXSourcesBuildPhase section */
		96A0398220561A6D00C31E1A /* Sources */ = {
			isa = PBXSourcesBuildPhase;
			buildActionMask = 2147483647;
			files = (
				96A0398E20561A6D00C31E1A /* ViewController.m in Sources */,
				96A0399920561A6D00C31E1A /* main.m in Sources */,
				96A0398B20561A6D00C31E1A /* AppDelegate.m in Sources */,
				96A039A120561CEA00C31E1A /* Student.m in Sources */,
			);
			runOnlyForDeploymentPostprocessing = 0;
		};
/* End PBXSourcesBuildPhase section */

/* Begin PBXVariantGroup section */
		96A0398F20561A6D00C31E1A /* Main.storyboard */ = {
			isa = PBXVariantGroup;
			children = (
				96A0399020561A6D00C31E1A /* Base */,
			);
			name = Main.storyboard;
			sourceTree = "<group>";
		};
		96A0399420561A6D00C31E1A /* LaunchScreen.storyboard */ = {
			isa = PBXVariantGroup;
			children = (
				96A0399520561A6D00C31E1A /* Base */,
			);
			name = LaunchScreen.storyboard;
			sourceTree = "<group>";
		};
/* End PBXVariantGroup section */

/* Begin XCBuildConfiguration section */
		96A0399A20561A6D00C31E1A /* Debug */ = {
			isa = XCBuildConfiguration;
			buildSettings = {
				ALWAYS_SEARCH_USER_PATHS = NO;
				CLANG_ANALYZER_NONNULL = YES;
				CLANG_ANALYZER_NUMBER_OBJECT_CONVERSION = YES_AGGRESSIVE;
				CLANG_CXX_LANGUAGE_STANDARD = "gnu++14";
				CLANG_CXX_LIBRARY = "libc++";
				CLANG_ENABLE_MODULES = YES;
				CLANG_ENABLE_OBJC_ARC = YES;
				CLANG_WARN_BLOCK_CAPTURE_AUTORELEASING = YES;
				CLANG_WARN_BOOL_CONVERSION = YES;
				CLANG_WARN_COMMA = YES;
				CLANG_WARN_CONSTANT_CONVERSION = YES;
				CLANG_WARN_DIRECT_OBJC_ISA_USAGE = YES_ERROR;
				CLANG_WARN_DOCUMENTATION_COMMENTS = YES;
				CLANG_WARN_EMPTY_BODY = YES;
				CLANG_WARN_ENUM_CONVERSION = YES;
				CLANG_WARN_INFINITE_RECURSION = YES;
				CLANG_WARN_INT_CONVERSION = YES;
				CLANG_WARN_NON_LITERAL_NULL_CONVERSION = YES;
				CLANG_WARN_OBJC_LITERAL_CONVERSION = YES;
				CLANG_WARN_OBJC_ROOT_CLASS = YES_ERROR;
				CLANG_WARN_RANGE_LOOP_ANALYSIS = YES;
				CLANG_WARN_STRICT_PROTOTYPES = YES;
				CLANG_WARN_SUSPICIOUS_MOVE = YES;
				CLANG_WARN_UNGUARDED_AVAILABILITY = YES_AGGRESSIVE;
				CLANG_WARN_UNREACHABLE_CODE = YES;
				CLANG_WARN__DUPLICATE_METHOD_MATCH = YES;
				CODE_SIGN_IDENTITY = "iPhone Developer";
				COPY_PHASE_STRIP = NO;
				DEBUG_INFORMATION_FORMAT = dwarf;
				ENABLE_STRICT_OBJC_MSGSEND = YES;
				ENABLE_TESTABILITY = YES;
				GCC_C_LANGUAGE_STANDARD = gnu11;
				GCC_DYNAMIC_NO_PIC = NO;
				GCC_NO_COMMON_BLOCKS = YES;
				GCC_OPTIMIZATION_LEVEL = 0;
				GCC_PREPROCESSOR_DEFINITIONS = (
					"DEBUG=1",
					"$(inherited)",
				);
				GCC_WARN_64_TO_32_BIT_CONVERSION = YES;
				GCC_WARN_ABOUT_RETURN_TYPE = YES_ERROR;
				GCC_WARN_UNDECLARED_SELECTOR = YES;
				GCC_WARN_UNINITIALIZED_AUTOS = YES_AGGRESSIVE;
				GCC_WARN_UNUSED_FUNCTION = YES;
				GCC_WARN_UNUSED_VARIABLE = YES;
				IPHONEOS_DEPLOYMENT_TARGET = 11.2;
				MTL_ENABLE_DEBUG_INFO = YES;
				ONLY_ACTIVE_ARCH = YES;
				SDKROOT = iphoneos;
			};
			name = Debug;
		};
		96A0399B20561A6D00C31E1A /* Release */ = {
			isa = XCBuildConfiguration;
			buildSettings = {
				ALWAYS_SEARCH_USER_PATHS = NO;
				CLANG_ANALYZER_NONNULL = YES;
				CLANG_ANALYZER_NUMBER_OBJECT_CONVERSION = YES_AGGRESSIVE;
				CLANG_CXX_LANGUAGE_STANDARD = "gnu++14";
				CLANG_CXX_LIBRARY = "libc++";
				CLANG_ENABLE_MODULES = YES;
				CLANG_ENABLE_OBJC_ARC = YES;
				CLANG_WARN_BLOCK_CAPTURE_AUTORELEASING = YES;
				CLANG_WARN_BOOL_CONVERSION = YES;
				CLANG_WARN_COMMA = YES;
				CLANG_WARN_CONSTANT_CONVERSION = YES;
				CLANG_WARN_DIRECT_OBJC_ISA_USAGE = YES_ERROR;
				CLANG_WARN_DOCUMENTATION_COMMENTS = YES;
				CLANG_WARN_EMPTY_BODY = YES;
				CLANG_WARN_ENUM_CONVERSION = YES;
				CLANG_WARN_INFINITE_RECURSION = YES;
				CLANG_WARN_INT_CONVERSION = YES;
				CLANG_WARN_NON_LITERAL_NULL_CONVERSION = YES;
				CLANG_WARN_OBJC_LITERAL_CONVERSION = YES;
				CLANG_WARN_OBJC_ROOT_CLASS = YES_ERROR;
				CLANG_WARN_RANGE_LOOP_ANALYSIS = YES;
				CLANG_WARN_STRICT_PROTOTYPES = YES;
				CLANG_WARN_SUSPICIOUS_MOVE = YES;
				CLANG_WARN_UNGUARDED_AVAILABILITY = YES_AGGRESSIVE;
				CLANG_WARN_UNREACHABLE_CODE = YES;
				CLANG_WARN__DUPLICATE_METHOD_MATCH = YES;
				CODE_SIGN_IDENTITY = "iPhone Developer";
				COPY_PHASE_STRIP = NO;
				DEBUG_INFORMATION_FORMAT = "dwarf-with-dsym";
				ENABLE_NS_ASSERTIONS = NO;
				ENABLE_STRICT_OBJC_MSGSEND = YES;
				GCC_C_LANGUAGE_STANDARD = gnu11;
				GCC_NO_COMMON_BLOCKS = YES;
				GCC_WARN_64_TO_32_BIT_CONVERSION = YES;
				GCC_WARN_ABOUT_RETURN_TYPE = YES_ERROR;
				GCC_WARN_UNDECLARED_SELECTOR = YES;
				GCC_WARN_UNINITIALIZED_AUTOS = YES_AGGRESSIVE;
				GCC_WARN_UNUSED_FUNCTION = YES;
				GCC_WARN_UNUSED_VARIABLE = YES;
				IPHONEOS_DEPLOYMENT_TARGET = 11.2;
				MTL_ENABLE_DEBUG_INFO = NO;
				SDKROOT = iphoneos;
				VALIDATE_PRODUCT = YES;
			};
			name = Release;
		};
		96A0399D20561A6D00C31E1A /* Debug */ = {
			isa = XCBuildConfiguration;
			buildSettings = {
				ASSETCATALOG_COMPILER_APPICON_NAME = AppIcon;
				CODE_SIGN_STYLE = Automatic;
				DEVELOPMENT_TEAM = Y8J45MGVC8;
				INFOPLIST_FILE = DataPersistenceDemo/Info.plist;
				IPHONEOS_DEPLOYMENT_TARGET = 10.1;
				LD_RUNPATH_SEARCH_PATHS = "$(inherited) @executable_path/Frameworks";
				PRODUCT_BUNDLE_IDENTIFIER = "---.DataPersistenceDemo";
				PRODUCT_NAME = "$(TARGET_NAME)";
				TARGETED_DEVICE_FAMILY = "1,2";
			};
			name = Debug;
		};
		96A0399E20561A6D00C31E1A /* Release */ = {
			isa = XCBuildConfiguration;
			buildSettings = {
				ASSETCATALOG_COMPILER_APPICON_NAME = AppIcon;
				CODE_SIGN_STYLE = Automatic;
				DEVELOPMENT_TEAM = Y8J45MGVC8;
				INFOPLIST_FILE = DataPersistenceDemo/Info.plist;
				IPHONEOS_DEPLOYMENT_TARGET = 10.1;
				LD_RUNPATH_SEARCH_PATHS = "$(inherited) @executable_path/Frameworks";
				PRODUCT_BUNDLE_IDENTIFIER = "---.DataPersistenceDemo";
				PRODUCT_NAME = "$(TARGET_NAME)";
				TARGETED_DEVICE_FAMILY = "1,2";
			};
			name = Release;
		};
/* End XCBuildConfiguration section */

/* Begin XCConfigurationList section */
		96A0398120561A6D00C31E1A /* Build configuration list for PBXProject "DataPersistenceDemo" */ = {
			isa = XCConfigurationList;
			buildConfigurations = (
				96A0399A20561A6D00C31E1A /* Debug */,
				96A0399B20561A6D00C31E1A /* Release */,
			);
			defaultConfigurationIsVisible = 0;
			defaultConfigurationName = Release;
		};
		96A0399C20561A6D00C31E1A /* Build configuration list for PBXNativeTarget "DataPersistenceDemo" */ = {
			isa = XCConfigurationList;
			buildConfigurations = (
				96A0399D20561A6D00C31E1A /* Debug */,
				96A0399E20561A6D00C31E1A /* Release */,
			);
			defaultConfigurationIsVisible = 0;
			defaultConfigurationName = Release;
		};
/* End XCConfigurationList section */
	};
	rootObject = 96A0397E20561A6D00C31E1A /* Project object */;
}
